
Microsoft Visual Studio Solution File, Format Version 12.00
# Visual Studio Version 17
VisualStudioVersion = 17.7.34031.279
MinimumVisualStudioVersion = 10.0.40219.1
Project("{8BC9CEB8-8B4A-11D0-8D11-00A0C91BC942}") = "Comp 3", "Comp 3\Comp 3.vcxproj", "{00203432-F49D-4E63-9858-E5EA124A8738}"
EndProject
Global
	GlobalSection(SolutionConfigurationPlatforms) = preSolution
		Debug|x64 = Debug|x64
		Debug|x86 = Debug|x86
		Release|x64 = Release|x64
		Release|x86 = Release|x86
	EndGlobalSection
	GlobalSection(ProjectConfigurationPlatforms) = postSolution
		{00203432-F49D-4E63-9858-E5EA124A8738}.Debug|x64.ActiveCfg = Debug|x64
		{00203432-F49D-4E63-9858-E5EA124A8738}.Debug|x64.Build.0 = Debug|x64
		{00203432-F49D-4E63-9858-E5EA124A8738}.Debug|x86.ActiveCfg = Debug|Win32
		{00203432-F49D-4E63-9858-E5EA124A8738}.Debug|x86.Build.0 = Debug|Win32
		{00203432-F49D-4E63-9858-E5EA124A8738}.Release|x64.ActiveCfg = Release|x64
		{00203432-F49D-4E63-9858-E5EA124A8738}.Release|x64.Build.0 = Release|x64
		{00203432-F49D-4E63-9858-E5EA124A8738}.Release|x86.ActiveCfg = Release|Win32
		{00203432-F49D-4E63-9858-E5EA124A8738}.Release|x86.Build.0 = Release|Win32
	EndGlobalSection
	GlobalSection(SolutionProperties) = preSolution
		HideSolutionNode = FALSE
	EndGlobalSection
	GlobalSection(ExtensibilityGlobals) = postSolution
		SolutionGuid = {7BD103A8-2F73-4B59-AD16-3576466AA02E}
	EndGlobalSection
EndGlobal
